// !$*UTF8*$!
{
	archiveVersion = 1;
	classes = {
	};
	objectVersion = 50;
	objects = {

/* Begin PBXBuildFile section */
		29054D8422E248A8007FB4F2 /* RegestrationVC.swift in Sources */ = {isa = PBXBuildFile; fileRef = 29054D8322E248A8007FB4F2 /* RegestrationVC.swift */; };
		29054D8722E24C6D007FB4F2 /* URLS.swift in Sources */ = {isa = PBXBuildFile; fileRef = 29054D8622E24C6D007FB4F2 /* URLS.swift */; };
		29054D8922E24CC4007FB4F2 /* AuthClass.swift in Sources */ = {isa = PBXBuildFile; fileRef = 29054D8822E24CC4007FB4F2 /* AuthClass.swift */; };
		29054D8B22E24E7C007FB4F2 /* Helper.swift in Sources */ = {isa = PBXBuildFile; fileRef = 29054D8A22E24E7C007FB4F2 /* Helper.swift */; };
		29054D9022E256CF007FB4F2 /* RoomsApi.swift in Sources */ = {isa = PBXBuildFile; fileRef = 29054D8F22E256CF007FB4F2 /* RoomsApi.swift */; };
		29420B4722D7F94F00138694 /* WelcomVC.swift in Sources */ = {isa = PBXBuildFile; fileRef = 29420B4622D7F94F00138694 /* WelcomVC.swift */; };
		29420B4922D7F96100138694 /* LoginVC.swift in Sources */ = {isa = PBXBuildFile; fileRef = 29420B4822D7F96100138694 /* LoginVC.swift */; };
		29420B4B22D7F97200138694 /* HomeVC.swift in Sources */ = {isa = PBXBuildFile; fileRef = 29420B4A22D7F97200138694 /* HomeVC.swift */; };
		29420B4D22D7F97E00138694 /* DetailVC.swift in Sources */ = {isa = PBXBuildFile; fileRef = 29420B4C22D7F97E00138694 /* DetailVC.swift */; };
		29420B4F22D800E000138694 /*  Validation.swift in Sources */ = {isa = PBXBuildFile; fileRef = 29420B4E22D800E000138694 /*  Validation.swift */; };
		29420B5522D8049600138694 /* CellTable.swift in Sources */ = {isa = PBXBuildFile; fileRef = 29420B5322D8049600138694 /* CellTable.swift */; };
		29420B5622D8049600138694 /* CellTable.xib in Resources */ = {isa = PBXBuildFile; fileRef = 29420B5422D8049600138694 /* CellTable.xib */; };
		295CF0BB22E2C60200284A5D /* AddRoomVC.swift in Sources */ = {isa = PBXBuildFile; fileRef = 295CF0BA22E2C60200284A5D /* AddRoomVC.swift */; };
		295CF0BD22E2C8EC00284A5D /* AddRoomAPI.swift in Sources */ = {isa = PBXBuildFile; fileRef = 295CF0BC22E2C8EC00284A5D /* AddRoomAPI.swift */; };
		29A6ED9422D60C6D00A483A1 /* AppDelegate.swift in Sources */ = {isa = PBXBuildFile; fileRef = 29A6ED9322D60C6D00A483A1 /* AppDelegate.swift */; };
		29A6ED9922D60C6D00A483A1 /* Main.storyboard in Resources */ = {isa = PBXBuildFile; fileRef = 29A6ED9722D60C6D00A483A1 /* Main.storyboard */; };
		29A6ED9B22D60C6E00A483A1 /* Assets.xcassets in Resources */ = {isa = PBXBuildFile; fileRef = 29A6ED9A22D60C6E00A483A1 /* Assets.xcassets */; };
		29A6ED9E22D60C6E00A483A1 /* LaunchScreen.storyboard in Resources */ = {isa = PBXBuildFile; fileRef = 29A6ED9C22D60C6E00A483A1 /* LaunchScreen.storyboard */; };
		29C1AB0D22F552790019F0EF /* Alert.swift in Sources */ = {isa = PBXBuildFile; fileRef = 29C1AB0C22F552790019F0EF /* Alert.swift */; };
		29ECAF3522F0994100FF5E58 /* NetworkRoute.swift in Sources */ = {isa = PBXBuildFile; fileRef = 29ECAF3422F0994100FF5E58 /* NetworkRoute.swift */; };
		29ECAF3722F099A500FF5E58 /* Room.swift in Sources */ = {isa = PBXBuildFile; fileRef = 29ECAF3622F099A500FF5E58 /* Room.swift */; };
		29ECAF3922F09A4200FF5E58 /* isConnected.swift in Sources */ = {isa = PBXBuildFile; fileRef = 29ECAF3822F09A4200FF5E58 /* isConnected.swift */; };
		29ECAF3B22F09CA600FF5E58 /* JSONParser.swift in Sources */ = {isa = PBXBuildFile; fileRef = 29ECAF3A22F09CA600FF5E58 /* JSONParser.swift */; };
		29ECAF3E22F09D9500FF5E58 /* RealmDB.swift in Sources */ = {isa = PBXBuildFile; fileRef = 29ECAF3D22F09D9500FF5E58 /* RealmDB.swift */; };
		29F5AF9922EB2F1400D0148B /* RoomLocationVC.swift in Sources */ = {isa = PBXBuildFile; fileRef = 29F5AF9822EB2F1400D0148B /* RoomLocationVC.swift */; };
		4CBE0EB294F42C35D3975EAD /* Pods_SwiftyCampTaskDay_.framework in Frameworks */ = {isa = PBXBuildFile; fileRef = 9E07B2143BC1A7F1902AE2B6 /* Pods_SwiftyCampTaskDay_.framework */; };
/* End PBXBuildFile section */

/* Begin PBXFileReference section */
		29054D8322E248A8007FB4F2 /* RegestrationVC.swift */ = {isa = PBXFileReference; lastKnownFileType = sourcecode.swift; path = RegestrationVC.swift; sourceTree = "<group>"; };
		29054D8622E24C6D007FB4F2 /* URLS.swift */ = {isa = PBXFileReference; lastKnownFileType = sourcecode.swift; path = URLS.swift; sourceTree = "<group>"; };
		29054D8822E24CC4007FB4F2 /* AuthClass.swift */ = {isa = PBXFileReference; lastKnownFileType = sourcecode.swift; path = AuthClass.swift; sourceTree = "<group>"; };
		29054D8A22E24E7C007FB4F2 /* Helper.swift */ = {isa = PBXFileReference; lastKnownFileType = sourcecode.swift; path = Helper.swift; sourceTree = "<group>"; };
		29054D8F22E256CF007FB4F2 /* RoomsApi.swift */ = {isa = PBXFileReference; lastKnownFileType = sourcecode.swift; path = RoomsApi.swift; sourceTree = "<group>"; };
		29420B4622D7F94F00138694 /* WelcomVC.swift */ = {isa = PBXFileReference; lastKnownFileType = sourcecode.swift; path = WelcomVC.swift; sourceTree = "<group>"; };
		29420B4822D7F96100138694 /* LoginVC.swift */ = {isa = PBXFileReference; lastKnownFileType = sourcecode.swift; path = LoginVC.swift; sourceTree = "<group>"; };
		29420B4A22D7F97200138694 /* HomeVC.swift */ = {isa = PBXFileReference; lastKnownFileType = sourcecode.swift; path = HomeVC.swift; sourceTree = "<group>"; };
		29420B4C22D7F97E00138694 /* DetailVC.swift */ = {isa = PBXFileReference; lastKnownFileType = sourcecode.swift; path = DetailVC.swift; sourceTree = "<group>"; };
		29420B4E22D800E000138694 /*  Validation.swift */ = {isa = PBXFileReference; fileEncoding = 4; lastKnownFileType = sourcecode.swift; path = " Validation.swift"; sourceTree = "<group>"; };
		29420B5322D8049600138694 /* CellTable.swift */ = {isa = PBXFileReference; lastKnownFileType = sourcecode.swift; path = CellTable.swift; sourceTree = "<group>"; };
		29420B5422D8049600138694 /* CellTable.xib */ = {isa = PBXFileReference; lastKnownFileType = file.xib; path = CellTable.xib; sourceTree = "<group>"; };
		295CF0BA22E2C60200284A5D /* AddRoomVC.swift */ = {isa = PBXFileReference; lastKnownFileType = sourcecode.swift; path = AddRoomVC.swift; sourceTree = "<group>"; };
		295CF0BC22E2C8EC00284A5D /* AddRoomAPI.swift */ = {isa = PBXFileReference; lastKnownFileType = sourcecode.swift; path = AddRoomAPI.swift; sourceTree = "<group>"; };
		29A6ED9022D60C6D00A483A1 /* SwiftyCampTaskDay#.app */ = {isa = PBXFileReference; explicitFileType = wrapper.application; includeInIndex = 0; path = "SwiftyCampTaskDay#.app"; sourceTree = BUILT_PRODUCTS_DIR; };
		29A6ED9322D60C6D00A483A1 /* AppDelegate.swift */ = {isa = PBXFileReference; lastKnownFileType = sourcecode.swift; path = AppDelegate.swift; sourceTree = "<group>"; };
		29A6ED9822D60C6D00A483A1 /* Base */ = {isa = PBXFileReference; lastKnownFileType = file.storyboard; name = Base; path = Base.lproj/Main.storyboard; sourceTree = "<group>"; };
		29A6ED9A22D60C6E00A483A1 /* Assets.xcassets */ = {isa = PBXFileReference; lastKnownFileType = folder.assetcatalog; path = Assets.xcassets; sourceTree = "<group>"; };
		29A6ED9D22D60C6E00A483A1 /* Base */ = {isa = PBXFileReference; lastKnownFileType = file.storyboard; name = Base; path = Base.lproj/LaunchScreen.storyboard; sourceTree = "<group>"; };
		29A6ED9F22D60C6E00A483A1 /* Info.plist */ = {isa = PBXFileReference; lastKnownFileType = text.plist.xml; path = Info.plist; sourceTree = "<group>"; };
		29C1AB0C22F552790019F0EF /* Alert.swift */ = {isa = PBXFileReference; lastKnownFileType = sourcecode.swift; path = Alert.swift; sourceTree = "<group>"; };
		29ECAF3422F0994100FF5E58 /* NetworkRoute.swift */ = {isa = PBXFileReference; lastKnownFileType = sourcecode.swift; path = NetworkRoute.swift; sourceTree = "<group>"; };
		29ECAF3622F099A500FF5E58 /* Room.swift */ = {isa = PBXFileReference; lastKnownFileType = sourcecode.swift; path = Room.swift; sourceTree = "<group>"; };
		29ECAF3822F09A4200FF5E58 /* isConnected.swift */ = {isa = PBXFileReference; lastKnownFileType = sourcecode.swift; path = isConnected.swift; sourceTree = "<group>"; };
		29ECAF3A22F09CA600FF5E58 /* JSONParser.swift */ = {isa = PBXFileReference; lastKnownFileType = sourcecode.swift; path = JSONParser.swift; sourceTree = "<group>"; };
		29ECAF3D22F09D9500FF5E58 /* RealmDB.swift */ = {isa = PBXFileReference; lastKnownFileType = sourcecode.swift; path = RealmDB.swift; sourceTree = "<group>"; };
		29F5AF9822EB2F1400D0148B /* RoomLocationVC.swift */ = {isa = PBXFileReference; lastKnownFileType = sourcecode.swift; path = RoomLocationVC.swift; sourceTree = "<group>"; };
		92521800A4D0E1A7AFBED40C /* Pods-SwiftyCampTaskDay#.debug.xcconfig */ = {isa = PBXFileReference; includeInIndex = 1; lastKnownFileType = text.xcconfig; name = "Pods-SwiftyCampTaskDay#.debug.xcconfig"; path = "Pods/Target Support Files/Pods-SwiftyCampTaskDay#/Pods-SwiftyCampTaskDay#.debug.xcconfig"; sourceTree = "<group>"; };
		9D0DAA4C9A84C31986B8E479 /* Pods-SwiftyCampTaskDay#.release.xcconfig */ = {isa = PBXFileReference; includeInIndex = 1; lastKnownFileType = text.xcconfig; name = "Pods-SwiftyCampTaskDay#.release.xcconfig"; path = "Pods/Target Support Files/Pods-SwiftyCampTaskDay#/Pods-SwiftyCampTaskDay#.release.xcconfig"; sourceTree = "<group>"; };
		9E07B2143BC1A7F1902AE2B6 /* Pods_SwiftyCampTaskDay_.framework */ = {isa = PBXFileReference; explicitFileType = wrapper.framework; includeInIndex = 0; path = Pods_SwiftyCampTaskDay_.framework; sourceTree = BUILT_PRODUCTS_DIR; };
/* End PBXFileReference section */

/* Begin PBXFrameworksBuildPhase section */
		29A6ED8D22D60C6D00A483A1 /* Frameworks */ = {
			isa = PBXFrameworksBuildPhase;
			buildActionMask = 2147483647;
			files = (
				4CBE0EB294F42C35D3975EAD /* Pods_SwiftyCampTaskDay_.framework in Frameworks */,
			);
			runOnlyForDeploymentPostprocessing = 0;
		};
/* End PBXFrameworksBuildPhase section */

/* Begin PBXGroup section */
		21803151645781AC00435926 /* Frameworks */ = {
			isa = PBXGroup;
			children = (
				9E07B2143BC1A7F1902AE2B6 /* Pods_SwiftyCampTaskDay_.framework */,
			);
			name = Frameworks;
			sourceTree = "<group>";
		};
		29054D8522E24C5C007FB4F2 /* Auth */ = {
			isa = PBXGroup;
			children = (
				29054D8622E24C6D007FB4F2 /* URLS.swift */,
				29054D8822E24CC4007FB4F2 /* AuthClass.swift */,
				29054D8F22E256CF007FB4F2 /* RoomsApi.swift */,
				295CF0BC22E2C8EC00284A5D /* AddRoomAPI.swift */,
				29ECAF3422F0994100FF5E58 /* NetworkRoute.swift */,
				29ECAF3822F09A4200FF5E58 /* isConnected.swift */,
				29ECAF3A22F09CA600FF5E58 /* JSONParser.swift */,
			);
			path = Auth;
			sourceTree = "<group>";
		};
		29054D8C22E255DD007FB4F2 /* Model */ = {
			isa = PBXGroup;
			children = (
				29ECAF3C22F09D7C00FF5E58 /* RealmDB */,
				29420B5022D800EE00138694 /* Extensions */,
				29054D8522E24C5C007FB4F2 /* Auth */,
			);
			path = Model;
			sourceTree = "<group>";
		};
		29420B4422D7F51A00138694 /* controller */ = {
			isa = PBXGroup;
			children = (
				29420B4622D7F94F00138694 /* WelcomVC.swift */,
				29420B4822D7F96100138694 /* LoginVC.swift */,
				29054D8322E248A8007FB4F2 /* RegestrationVC.swift */,
				29420B4A22D7F97200138694 /* HomeVC.swift */,
				295CF0BA22E2C60200284A5D /* AddRoomVC.swift */,
				29420B4C22D7F97E00138694 /* DetailVC.swift */,
				29F5AF9822EB2F1400D0148B /* RoomLocationVC.swift */,
			);
			path = controller;
			sourceTree = "<group>";
		};
		29420B4522D7F52300138694 /* View */ = {
			isa = PBXGroup;
			children = (
				29420B5322D8049600138694 /* CellTable.swift */,
				29420B5422D8049600138694 /* CellTable.xib */,
			);
			path = View;
			sourceTree = "<group>";
		};
		29420B5022D800EE00138694 /* Extensions */ = {
			isa = PBXGroup;
			children = (
				29420B4E22D800E000138694 /*  Validation.swift */,
				29054D8A22E24E7C007FB4F2 /* Helper.swift */,
				29ECAF3622F099A500FF5E58 /* Room.swift */,
				29C1AB0C22F552790019F0EF /* Alert.swift */,
			);
			path = Extensions;
			sourceTree = "<group>";
		};
		29A6ED8722D60C6D00A483A1 = {
			isa = PBXGroup;
			children = (
				29A6ED9222D60C6D00A483A1 /* SwiftyCampTaskDay# */,
				29A6ED9122D60C6D00A483A1 /* Products */,
				CECEF1D740E3507DFBAA8E8B /* Pods */,
				21803151645781AC00435926 /* Frameworks */,
			);
			sourceTree = "<group>";
		};
		29A6ED9122D60C6D00A483A1 /* Products */ = {
			isa = PBXGroup;
			children = (
				29A6ED9022D60C6D00A483A1 /* SwiftyCampTaskDay#.app */,
			);
			name = Products;
			sourceTree = "<group>";
		};
		29A6ED9222D60C6D00A483A1 /* SwiftyCampTaskDay# */ = {
			isa = PBXGroup;
			children = (
				29054D8C22E255DD007FB4F2 /* Model */,
				29420B4522D7F52300138694 /* View */,
				29420B4422D7F51A00138694 /* controller */,
				29A6ED9322D60C6D00A483A1 /* AppDelegate.swift */,
				29A6ED9722D60C6D00A483A1 /* Main.storyboard */,
				29A6ED9A22D60C6E00A483A1 /* Assets.xcassets */,
				29A6ED9C22D60C6E00A483A1 /* LaunchScreen.storyboard */,
				29A6ED9F22D60C6E00A483A1 /* Info.plist */,
			);
			path = "SwiftyCampTaskDay#";
			sourceTree = "<group>";
		};
		29ECAF3C22F09D7C00FF5E58 /* RealmDB */ = {
			isa = PBXGroup;
			children = (
				29ECAF3D22F09D9500FF5E58 /* RealmDB.swift */,
			);
			path = RealmDB;
			sourceTree = "<group>";
		};
		CECEF1D740E3507DFBAA8E8B /* Pods */ = {
			isa = PBXGroup;
			children = (
				92521800A4D0E1A7AFBED40C /* Pods-SwiftyCampTaskDay#.debug.xcconfig */,
				9D0DAA4C9A84C31986B8E479 /* Pods-SwiftyCampTaskDay#.release.xcconfig */,
			);
			name = Pods;
			sourceTree = "<group>";
		};
/* End PBXGroup section */

/* Begin PBXNativeTarget section */
		29A6ED8F22D60C6D00A483A1 /* SwiftyCampTaskDay# */ = {
			isa = PBXNativeTarget;
			buildConfigurationList = 29A6EDA222D60C6E00A483A1 /* Build configuration list for PBXNativeTarget "SwiftyCampTaskDay#" */;
			buildPhases = (
				41CBD3E6F5C2F4CB541B2A05 /* [CP] Check Pods Manifest.lock */,
				29A6ED8C22D60C6D00A483A1 /* Sources */,
				29A6ED8D22D60C6D00A483A1 /* Frameworks */,
				29A6ED8E22D60C6D00A483A1 /* Resources */,
				B429F8CC7404BF7AEA0C2AC2 /* [CP] Embed Pods Frameworks */,
			);
			buildRules = (
			);
			dependencies = (
			);
			name = "SwiftyCampTaskDay#";
			productName = "SwiftyCampTaskDay#";
			productReference = 29A6ED9022D60C6D00A483A1 /* SwiftyCampTaskDay#.app */;
			productType = "com.apple.product-type.application";
		};
/* End PBXNativeTarget section */

/* Begin PBXProject section */
		29A6ED8822D60C6D00A483A1 /* Project object */ = {
			isa = PBXProject;
			attributes = {
				LastSwiftUpdateCheck = 1020;
				LastUpgradeCheck = 1020;
				ORGANIZATIONNAME = Khaled;
				TargetAttributes = {
					29A6ED8F22D60C6D00A483A1 = {
						CreatedOnToolsVersion = 10.2.1;
					};
				};
			};
			buildConfigurationList = 29A6ED8B22D60C6D00A483A1 /* Build configuration list for PBXProject "SwiftyCampTaskDay#" */;
			compatibilityVersion = "Xcode 9.3";
			developmentRegion = en;
			hasScannedForEncodings = 0;
			knownRegions = (
				en,
				Base,
			);
			mainGroup = 29A6ED8722D60C6D00A483A1;
			productRefGroup = 29A6ED9122D60C6D00A483A1 /* Products */;
			projectDirPath = "";
			projectRoot = "";
			targets = (
				29A6ED8F22D60C6D00A483A1 /* SwiftyCampTaskDay# */,
			);
		};
/* End PBXProject section */

/* Begin PBXResourcesBuildPhase section */
		29A6ED8E22D60C6D00A483A1 /* Resources */ = {
			isa = PBXResourcesBuildPhase;
			buildActionMask = 2147483647;
			files = (
				29A6ED9E22D60C6E00A483A1 /* LaunchScreen.storyboard in Resources */,
				29A6ED9B22D60C6E00A483A1 /* Assets.xcassets in Resources */,
				29420B5622D8049600138694 /* CellTable.xib in Resources */,
				29A6ED9922D60C6D00A483A1 /* Main.storyboard in Resources */,
			);
			runOnlyForDeploymentPostprocessing = 0;
		};
/* End PBXResourcesBuildPhase section */

/* Begin PBXShellScriptBuildPhase section */
		41CBD3E6F5C2F4CB541B2A05 /* [CP] Check Pods Manifest.lock */ = {
			isa = PBXShellScriptBuildPhase;
			buildActionMask = 2147483647;
			files = (
			);
			inputPaths = (
				"${PODS_PODFILE_DIR_PATH}/Podfile.lock",
				"${PODS_ROOT}/Manifest.lock",
			);
			name = "[CP] Check Pods Manifest.lock";
			outputPaths = (
				"$(DERIVED_FILE_DIR)/Pods-SwiftyCampTaskDay#-checkManifestLockResult.txt",
			);
			runOnlyForDeploymentPostprocessing = 0;
			shellPath = /bin/sh;
			shellScript = "diff \"${PODS_PODFILE_DIR_PATH}/Podfile.lock\" \"${PODS_ROOT}/Manifest.lock\" > /dev/null\nif [ $? != 0 ] ; then\n    # print error to STDERR\n    echo \"error: The sandbox is not in sync with the Podfile.lock. Run 'pod install' or update your CocoaPods installation.\" >&2\n    exit 1\nfi\n# This output is used by Xcode 'outputs' to avoid re-running this script phase.\necho \"SUCCESS\" > \"${SCRIPT_OUTPUT_FILE_0}\"\n";
			showEnvVarsInLog = 0;
		};
		B429F8CC7404BF7AEA0C2AC2 /* [CP] Embed Pods Frameworks */ = {
			isa = PBXShellScriptBuildPhase;
			buildActionMask = 2147483647;
			files = (
			);
			inputPaths = (
				"${SRCROOT}/Pods/Target Support Files/Pods-SwiftyCampTaskDay#/Pods-SwiftyCampTaskDay#-frameworks.sh",
				"${BUILT_PRODUCTS_DIR}/Alamofire/Alamofire.framework",
				"${BUILT_PRODUCTS_DIR}/IBAnimatable/IBAnimatable.framework",
				"${BUILT_PRODUCTS_DIR}/Kingfisher/Kingfisher.framework",
				"${BUILT_PRODUCTS_DIR}/NVActivityIndicatorView/NVActivityIndicatorView.framework",
				"${BUILT_PRODUCTS_DIR}/Realm/Realm.framework",
				"${BUILT_PRODUCTS_DIR}/RealmSwift/RealmSwift.framework",
				"${BUILT_PRODUCTS_DIR}/SVProgressHUD/SVProgressHUD.framework",
				"${BUILT_PRODUCTS_DIR}/SwiftyJSON/SwiftyJSON.framework",
			);
			name = "[CP] Embed Pods Frameworks";
			outputPaths = (
				"${TARGET_BUILD_DIR}/${FRAMEWORKS_FOLDER_PATH}/Alamofire.framework",
				"${TARGET_BUILD_DIR}/${FRAMEWORKS_FOLDER_PATH}/IBAnimatable.framework",
				"${TARGET_BUILD_DIR}/${FRAMEWORKS_FOLDER_PATH}/Kingfisher.framework",
				"${TARGET_BUILD_DIR}/${FRAMEWORKS_FOLDER_PATH}/NVActivityIndicatorView.framework",
				"${TARGET_BUILD_DIR}/${FRAMEWORKS_FOLDER_PATH}/Realm.framework",
				"${TARGET_BUILD_DIR}/${FRAMEWORKS_FOLDER_PATH}/RealmSwift.framework",
				"${TARGET_BUILD_DIR}/${FRAMEWORKS_FOLDER_PATH}/SVProgressHUD.framework",
				"${TARGET_BUILD_DIR}/${FRAMEWORKS_FOLDER_PATH}/SwiftyJSON.framework",
			);
			runOnlyForDeploymentPostprocessing = 0;
			shellPath = /bin/sh;
			shellScript = "\"${SRCROOT}/Pods/Target Support Files/Pods-SwiftyCampTaskDay#/Pods-SwiftyCampTaskDay#-frameworks.sh\"\n";
			showEnvVarsInLog = 0;
		};
/* End PBXShellScriptBuildPhase section */

/* Begin PBXSourcesBuildPhase section */
		29A6ED8C22D60C6D00A483A1 /* Sources */ = {
			isa = PBXSourcesBuildPhase;
			buildActionMask = 2147483647;
			files = (
				29ECAF3922F09A4200FF5E58 /* isConnected.swift in Sources */,
				29054D9022E256CF007FB4F2 /* RoomsApi.swift in Sources */,
				29054D8B22E24E7C007FB4F2 /* Helper.swift in Sources */,
				29ECAF3522F0994100FF5E58 /* NetworkRoute.swift in Sources */,
				295CF0BD22E2C8EC00284A5D /* AddRoomAPI.swift in Sources */,
				29420B4D22D7F97E00138694 /* DetailVC.swift in Sources */,
				29C1AB0D22F552790019F0EF /* Alert.swift in Sources */,
				29ECAF3B22F09CA600FF5E58 /* JSONParser.swift in Sources */,
				29054D8722E24C6D007FB4F2 /* URLS.swift in Sources */,
				29A6ED9422D60C6D00A483A1 /* AppDelegate.swift in Sources */,
				29ECAF3E22F09D9500FF5E58 /* RealmDB.swift in Sources */,
				29420B4B22D7F97200138694 /* HomeVC.swift in Sources */,
				29420B5522D8049600138694 /* CellTable.swift in Sources */,
				29420B4722D7F94F00138694 /* WelcomVC.swift in Sources */,
				29054D8922E24CC4007FB4F2 /* AuthClass.swift in Sources */,
				29420B4922D7F96100138694 /* LoginVC.swift in Sources */,
				29420B4F22D800E000138694 /*  Validation.swift in Sources */,
				29ECAF3722F099A500FF5E58 /* Room.swift in Sources */,
				29054D8422E248A8007FB4F2 /* RegestrationVC.swift in Sources */,
				29F5AF9922EB2F1400D0148B /* RoomLocationVC.swift in Sources */,
				295CF0BB22E2C60200284A5D /* AddRoomVC.swift in Sources */,
			);
			runOnlyForDeploymentPostprocessing = 0;
		};
/* End PBXSourcesBuildPhase section */

/* Begin PBXVariantGroup section */
		29A6ED9722D60C6D00A483A1 /* Main.storyboard */ = {
			isa = PBXVariantGroup;
			children = (
				29A6ED9822D60C6D00A483A1 /* Base */,
			);
			name = Main.storyboard;
			sourceTree = "<group>";
		};
		29A6ED9C22D60C6E00A483A1 /* LaunchScreen.storyboard */ = {
			isa = PBXVariantGroup;
			children = (
				29A6ED9D22D60C6E00A483A1 /* Base */,
			);
			name = LaunchScreen.storyboard;
			sourceTree = "<group>";
		};
/* End PBXVariantGroup section */

/* Begin XCBuildConfiguration section */
		29A6EDA022D60C6E00A483A1 /* Debug */ = {
			isa = XCBuildConfiguration;
			buildSettings = {
				ALWAYS_SEARCH_USER_PATHS = NO;
				CLANG_ANALYZER_NONNULL = YES;
				CLANG_ANALYZER_NUMBER_OBJECT_CONVERSION = YES_AGGRESSIVE;
				CLANG_CXX_LANGUAGE_STANDARD = "gnu++14";
				CLANG_CXX_LIBRARY = "libc++";
				CLANG_ENABLE_MODULES = YES;
				CLANG_ENABLE_OBJC_ARC = YES;
				CLANG_ENABLE_OBJC_WEAK = YES;
				CLANG_WARN_BLOCK_CAPTURE_AUTORELEASING = YES;
				CLANG_WARN_BOOL_CONVERSION = YES;
				CLANG_WARN_COMMA = YES;
				CLANG_WARN_CONSTANT_CONVERSION = YES;
				CLANG_WARN_DEPRECATED_OBJC_IMPLEMENTATIONS = YES;
				CLANG_WARN_DIRECT_OBJC_ISA_USAGE = YES_ERROR;
				CLANG_WARN_DOCUMENTATION_COMMENTS = YES;
				CLANG_WARN_EMPTY_BODY = YES;
				CLANG_WARN_ENUM_CONVERSION = YES;
				CLANG_WARN_INFINITE_RECURSION = YES;
				CLANG_WARN_INT_CONVERSION = YES;
				CLANG_WARN_NON_LITERAL_NULL_CONVERSION = YES;
				CLANG_WARN_OBJC_IMPLICIT_RETAIN_SELF = YES;
				CLANG_WARN_OBJC_LITERAL_CONVERSION = YES;
				CLANG_WARN_OBJC_ROOT_CLASS = YES_ERROR;
				CLANG_WARN_RANGE_LOOP_ANALYSIS = YES;
				CLANG_WARN_STRICT_PROTOTYPES = YES;
				CLANG_WARN_SUSPICIOUS_MOVE = YES;
				CLANG_WARN_UNGUARDED_AVAILABILITY = YES_AGGRESSIVE;
				CLANG_WARN_UNREACHABLE_CODE = YES;
				CLANG_WARN__DUPLICATE_METHOD_MATCH = YES;
				CODE_SIGN_IDENTITY = "iPhone Developer";
				COPY_PHASE_STRIP = NO;
				DEBUG_INFORMATION_FORMAT = dwarf;
				ENABLE_STRICT_OBJC_MSGSEND = YES;
				ENABLE_TESTABILITY = YES;
				GCC_C_LANGUAGE_STANDARD = gnu11;
				GCC_DYNAMIC_NO_PIC = NO;
				GCC_NO_COMMON_BLOCKS = YES;
				GCC_OPTIMIZATION_LEVEL = 0;
				GCC_PREPROCESSOR_DEFINITIONS = (
					"DEBUG=1",
					"$(inherited)",
				);
				GCC_WARN_64_TO_32_BIT_CONVERSION = YES;
				GCC_WARN_ABOUT_RETURN_TYPE = YES_ERROR;
				GCC_WARN_UNDECLARED_SELECTOR = YES;
				GCC_WARN_UNINITIALIZED_AUTOS = YES_AGGRESSIVE;
				GCC_WARN_UNUSED_FUNCTION = YES;
				GCC_WARN_UNUSED_VARIABLE = YES;
				IPHONEOS_DEPLOYMENT_TARGET = 12.2;
				MTL_ENABLE_DEBUG_INFO = INCLUDE_SOURCE;
				MTL_FAST_MATH = YES;
				ONLY_ACTIVE_ARCH = YES;
				SDKROOT = iphoneos;
				SWIFT_ACTIVE_COMPILATION_CONDITIONS = DEBUG;
				SWIFT_OPTIMIZATION_LEVEL = "-Onone";
			};
			name = Debug;
		};
		29A6EDA122D60C6E00A483A1 /* Release */ = {
			isa = XCBuildConfiguration;
			buildSettings = {
				ALWAYS_SEARCH_USER_PATHS = NO;
				CLANG_ANALYZER_NONNULL = YES;
				CLANG_ANALYZER_NUMBER_OBJECT_CONVERSION = YES_AGGRESSIVE;
				CLANG_CXX_LANGUAGE_STANDARD = "gnu++14";
				CLANG_CXX_LIBRARY = "libc++";
				CLANG_ENABLE_MODULES = YES;
				CLANG_ENABLE_OBJC_ARC = YES;
				CLANG_ENABLE_OBJC_WEAK = YES;
				CLANG_WARN_BLOCK_CAPTURE_AUTORELEASING = YES;
				CLANG_WARN_BOOL_CONVERSION = YES;
				CLANG_WARN_COMMA = YES;
				CLANG_WARN_CONSTANT_CONVERSION = YES;
				CLANG_WARN_DEPRECATED_OBJC_IMPLEMENTATIONS = YES;
				CLANG_WARN_DIRECT_OBJC_ISA_USAGE = YES_ERROR;
				CLANG_WARN_DOCUMENTATION_COMMENTS = YES;
				CLANG_WARN_EMPTY_BODY = YES;
				CLANG_WARN_ENUM_CONVERSION = YES;
				CLANG_WARN_INFINITE_RECURSION = YES;
				CLANG_WARN_INT_CONVERSION = YES;
				CLANG_WARN_NON_LITERAL_NULL_CONVERSION = YES;
				CLANG_WARN_OBJC_IMPLICIT_RETAIN_SELF = YES;
				CLANG_WARN_OBJC_LITERAL_CONVERSION = YES;
				CLANG_WARN_OBJC_ROOT_CLASS = YES_ERROR;
				CLANG_WARN_RANGE_LOOP_ANALYSIS = YES;
				CLANG_WARN_STRICT_PROTOTYPES = YES;
				CLANG_WARN_SUSPICIOUS_MOVE = YES;
				CLANG_WARN_UNGUARDED_AVAILABILITY = YES_AGGRESSIVE;
				CLANG_WARN_UNREACHABLE_CODE = YES;
				CLANG_WARN__DUPLICATE_METHOD_MATCH = YES;
				CODE_SIGN_IDENTITY = "iPhone Developer";
				COPY_PHASE_STRIP = NO;
				DEBUG_INFORMATION_FORMAT = "dwarf-with-dsym";
				ENABLE_NS_ASSERTIONS = NO;
				ENABLE_STRICT_OBJC_MSGSEND = YES;
				GCC_C_LANGUAGE_STANDARD = gnu11;
				GCC_NO_COMMON_BLOCKS = YES;
				GCC_WARN_64_TO_32_BIT_CONVERSION = YES;
				GCC_WARN_ABOUT_RETURN_TYPE = YES_ERROR;
				GCC_WARN_UNDECLARED_SELECTOR = YES;
				GCC_WARN_UNINITIALIZED_AUTOS = YES_AGGRESSIVE;
				GCC_WARN_UNUSED_FUNCTION = YES;
				GCC_WARN_UNUSED_VARIABLE = YES;
				IPHONEOS_DEPLOYMENT_TARGET = 12.2;
				MTL_ENABLE_DEBUG_INFO = NO;
				MTL_FAST_MATH = YES;
				SDKROOT = iphoneos;
				SWIFT_COMPILATION_MODE = wholemodule;
				SWIFT_OPTIMIZATION_LEVEL = "-O";
				VALIDATE_PRODUCT = YES;
			};
			name = Release;
		};
		29A6EDA322D60C6E00A483A1 /* Debug */ = {
			isa = XCBuildConfiguration;
			baseConfigurationReference = 92521800A4D0E1A7AFBED40C /* Pods-SwiftyCampTaskDay#.debug.xcconfig */;
			buildSettings = {
				ASSETCATALOG_COMPILER_APPICON_NAME = AppIcon;
				CODE_SIGN_STYLE = Automatic;
				DEVELOPMENT_TEAM = 68G62R97AP;
				INFOPLIST_FILE = "SwiftyCampTaskDay#/Info.plist";
				LD_RUNPATH_SEARCH_PATHS = (
					"$(inherited)",
					"@executable_path/Frameworks",
				);
				PRODUCT_BUNDLE_IDENTIFIER = "khaled.SwiftyCampTaskDay-";
				PRODUCT_NAME = "$(TARGET_NAME)";
				SWIFT_VERSION = 5.0;
				TARGETED_DEVICE_FAMILY = "1,2";
			};
			name = Debug;
		};
		29A6EDA422D60C6E00A483A1 /* Release */ = {
			isa = XCBuildConfiguration;
			baseConfigurationReference = 9D0DAA4C9A84C31986B8E479 /* Pods-SwiftyCampTaskDay#.release.xcconfig */;
			buildSettings = {
				ASSETCATALOG_COMPILER_APPICON_NAME = AppIcon;
				CODE_SIGN_STYLE = Automatic;
				DEVELOPMENT_TEAM = 68G62R97AP;
				INFOPLIST_FILE = "SwiftyCampTaskDay#/Info.plist";
				LD_RUNPATH_SEARCH_PATHS = (
					"$(inherited)",
					"@executable_path/Frameworks",
				);
				PRODUCT_BUNDLE_IDENTIFIER = "khaled.SwiftyCampTaskDay-";
				PRODUCT_NAME = "$(TARGET_NAME)";
				SWIFT_VERSION = 5.0;
				TARGETED_DEVICE_FAMILY = "1,2";
			};
			name = Release;
		};
/* End XCBuildConfiguration section */

/* Begin XCConfigurationList section */
		29A6ED8B22D60C6D00A483A1 /* Build configuration list for PBXProject "SwiftyCampTaskDay#" */ = {
			isa = XCConfigurationList;
			buildConfigurations = (
				29A6EDA022D60C6E00A483A1 /* Debug */,
				29A6EDA122D60C6E00A483A1 /* Release */,
			);
			defaultConfigurationIsVisible = 0;
			defaultConfigurationName = Release;
		};
		29A6EDA222D60C6E00A483A1 /* Build configuration list for PBXNativeTarget "SwiftyCampTaskDay#" */ = {
			isa = XCConfigurationList;
			buildConfigurations = (
				29A6EDA322D60C6E00A483A1 /* Debug */,
				29A6EDA422D60C6E00A483A1 /* Release */,
			);
			defaultConfigurationIsVisible = 0;
			defaultConfigurationName = Release;
		};
/* End XCConfigurationList section */
	};
	rootObject = 29A6ED8822D60C6D00A483A1 /* Project object */;
}
